
Microsoft Visual Studio Solution File, Format Version 12.00
# Visual Studio Version 17
VisualStudioVersion = 17.4.33403.182
MinimumVisualStudioVersion = 10.0.40219.1
Project("{9A19103F-16F7-4668-BE54-9A1E7A4F7556}") = "Forca", "Forca\Forca.csproj", "{51EC2E25-04FD-4ECC-BE88-CD81D577A0A5}"
EndProject
Project("{2150E333-8FDC-42A3-9474-1A3956D46DE8}") = "Itens de Solução", "Itens de Solução", "{6B86EC9B-CF85-4372-8159-2E28CCDF4541}"
EndProject
Global
	GlobalSection(SolutionConfigurationPlatforms) = preSolution
		Debug|Any CPU = Debug|Any CPU
		Release|Any CPU = Release|Any CPU
	EndGlobalSection
	GlobalSection(ProjectConfigurationPlatforms) = postSolution
		{51EC2E25-04FD-4ECC-BE88-CD81D577A0A5}.Debug|Any CPU.ActiveCfg = Debug|Any CPU
		{51EC2E25-04FD-4ECC-BE88-CD81D577A0A5}.Debug|Any CPU.Build.0 = Debug|Any CPU
		{51EC2E25-04FD-4ECC-BE88-CD81D577A0A5}.Release|Any CPU.ActiveCfg = Release|Any CPU
		{51EC2E25-04FD-4ECC-BE88-CD81D577A0A5}.Release|Any CPU.Build.0 = Release|Any CPU
	EndGlobalSection
	GlobalSection(SolutionProperties) = preSolution
		HideSolutionNode = FALSE
	EndGlobalSection
	GlobalSection(ExtensibilityGlobals) = postSolution
		SolutionGuid = {CE4EACCA-3D66-4A56-B44C-20DF353CE024}
	EndGlobalSection
EndGlobal
